// !$*UTF8*$!
{
    archiveVersion = 1;
    classes = {};
    objectVersion = 56;
    objects = {
        
        97D3E7012E9C14828F089713 = {isa = PBXFileReference; lastKnownFileType = sourcecode.swift; path = "App/ArcanaCodexApp.swift"; sourceTree = "<group>"; };

        46E87B88CE27D65635EF69B3 = {isa = PBXFileReference; lastKnownFileType = sourcecode.swift; path = "Models/ArcanaSymbol.swift"; sourceTree = "<group>"; };

        05C92EC93E42ABC2FBFEF60C = {isa = PBXFileReference; lastKnownFileType = sourcecode.swift; path = "Models/ArcanaViewModel.swift"; sourceTree = "<group>"; };

        B6DFE7EC12B61BAFD12CE393 = {isa = PBXFileReference; lastKnownFileType = sourcecode.swift; path = "Utils/Constants.swift"; sourceTree = "<group>"; };

        752842FA35560F5CFDD9EEA0 = {isa = PBXFileReference; lastKnownFileType = sourcecode.swift; path = "Views/AstrologyTab/AstrologyView.swift"; sourceTree = "<group>"; };

        9C33FB8C3FAF745E4BAA59FF = {isa = PBXFileReference; lastKnownFileType = sourcecode.swift; path = "Views/Components/SharedComponents.swift"; sourceTree = "<group>"; };

        9EFBDBD520F1AEA3FB641A51 = {isa = PBXFileReference; lastKnownFileType = sourcecode.swift; path = "Views/ElementsTab/ElementsView.swift"; sourceTree = "<group>"; };

        DDDCA7C71B2FC32C3D2E33D2 = {isa = PBXFileReference; lastKnownFileType = sourcecode.swift; path = "Views/MainTabView.swift"; sourceTree = "<group>"; };

        01D95C8C3CEA70CC434B88EB = {isa = PBXFileReference; lastKnownFileType = sourcecode.swift; path = "Views/ScholarsTab/ScholarsView.swift"; sourceTree = "<group>"; };

        FAEA69C43A5F213081C35ADF = {isa = PBXFileReference; lastKnownFileType = sourcecode.swift; path = "Views/SymbolsTab/SymbolsListView.swift"; sourceTree = "<group>"; };

        58BEB79A62297FB9EEBBC97D = {isa = PBXFileReference; lastKnownFileType = sourcecode.swift; path = "Views/TreeOfLifeTab/TreeOfLifeView.swift"; sourceTree = "<group>"; };

        FED7D6EE72AEE1B15C56918B = {isa = PBXFileReference; lastKnownFileType = text.json; path = "Data/arcana_symbols.json"; sourceTree = "<group>"; };

        
        C29EC98717D88AFEFC77B0A6 = {isa = PBXBuildFile; fileRef = 97D3E7012E9C14828F089713; };

        B75E1B9BE42ECEF1277B9025 = {isa = PBXBuildFile; fileRef = 46E87B88CE27D65635EF69B3; };

        CC32298B49322D08546AA306 = {isa = PBXBuildFile; fileRef = 05C92EC93E42ABC2FBFEF60C; };

        C46D9B12D51CE626D8FBEBB3 = {isa = PBXBuildFile; fileRef = B6DFE7EC12B61BAFD12CE393; };

        25567D4425A2BE2984E6CDC7 = {isa = PBXBuildFile; fileRef = 752842FA35560F5CFDD9EEA0; };

        2CB5F9A5F758B157A168C3B4 = {isa = PBXBuildFile; fileRef = 9C33FB8C3FAF745E4BAA59FF; };

        C1D338B2E42868371FC6F7BF = {isa = PBXBuildFile; fileRef = 9EFBDBD520F1AEA3FB641A51; };

        BF4F93DE09253E18B8AF6143 = {isa = PBXBuildFile; fileRef = DDDCA7C71B2FC32C3D2E33D2; };

        318C3EB30C3326307077F1F4 = {isa = PBXBuildFile; fileRef = 01D95C8C3CEA70CC434B88EB; };

        BB32F5299AB8D0D0BEC79970 = {isa = PBXBuildFile; fileRef = FAEA69C43A5F213081C35ADF; };

        1AB9E9AB8003883B6B7B4235 = {isa = PBXBuildFile; fileRef = 58BEB79A62297FB9EEBBC97D; };

        847C213467E2876FAA1AB404 = {isa = PBXBuildFile; fileRef = FED7D6EE72AEE1B15C56918B; };


        AA0000000000000000000005 = {isa = PBXFileReference; explicitFileType = wrapper.application; includeInIndex = 0; path = "ArcanaCodex.app"; sourceTree = BUILT_PRODUCTS_DIR; };

        AA0000000000000000000001 = {
            isa = PBXGroup;
            children = (AA0000000000000000000002, AA0000000000000000000003);
            sourceTree = "<group>";
        };
        AA0000000000000000000002 = {
            isa = PBXGroup;
            children = (97D3E7012E9C14828F089713, 46E87B88CE27D65635EF69B3, 05C92EC93E42ABC2FBFEF60C, B6DFE7EC12B61BAFD12CE393, 752842FA35560F5CFDD9EEA0, 9C33FB8C3FAF745E4BAA59FF, 9EFBDBD520F1AEA3FB641A51, DDDCA7C71B2FC32C3D2E33D2, 01D95C8C3CEA70CC434B88EB, FAEA69C43A5F213081C35ADF, 58BEB79A62297FB9EEBBC97D, FED7D6EE72AEE1B15C56918B, );
            path = "ArcanaCodex";
            sourceTree = "<group>";
        };
        AA0000000000000000000003 = {
            isa = PBXGroup;
            children = (AA0000000000000000000005);
            name = Products;
            sourceTree = "<group>";
        };

        AA000000000000000000000D = {
            isa = PBXSourcesBuildPhase;
            buildActionMask = 2147483647;
            files = (C29EC98717D88AFEFC77B0A6, B75E1B9BE42ECEF1277B9025, CC32298B49322D08546AA306, C46D9B12D51CE626D8FBEBB3, 25567D4425A2BE2984E6CDC7, 2CB5F9A5F758B157A168C3B4, C1D338B2E42868371FC6F7BF, BF4F93DE09253E18B8AF6143, 318C3EB30C3326307077F1F4, BB32F5299AB8D0D0BEC79970, 1AB9E9AB8003883B6B7B4235, );
            runOnlyForDeploymentPostprocessing = 0;
        };
        AA000000000000000000000E = {
            isa = PBXResourcesBuildPhase;
            buildActionMask = 2147483647;
            files = (847C213467E2876FAA1AB404, );
            runOnlyForDeploymentPostprocessing = 0;
        };
        AA000000000000000000000F = {
            isa = PBXFrameworksBuildPhase;
            buildActionMask = 2147483647;
            files = ();
            runOnlyForDeploymentPostprocessing = 0;
        };

        AA0000000000000000000004 = {
            isa = PBXNativeTarget;
            buildConfigurationList = AA000000000000000000000C;
            buildPhases = (AA000000000000000000000D, AA000000000000000000000E, AA000000000000000000000F);
            buildRules = ();
            dependencies = ();
            name = "ArcanaCodex";
            productName = "ArcanaCodex";
            productReference = AA0000000000000000000005;
            productType = "com.apple.product-type.application";
        };

        AA0000000000000000000006 = {
            isa = PBXProject;
            attributes = {
                BuildIndependentTargetsInParallel = 1;
                LastSwiftUpdateCheck = 1540;
                LastUpgradeCheck = 1540;
            };
            buildConfigurationList = AA0000000000000000000009;
            compatibilityVersion = "Xcode 14.0";
            developmentRegion = ja;
            hasScannedForEncodings = 0;
            knownRegions = (ja, en, Base);
            mainGroup = AA0000000000000000000001;
            productRefGroup = AA0000000000000000000003;
            projectDirPath = "";
            projectRoot = "";
            targets = (AA0000000000000000000004);
        };

        AA0000000000000000000007 = {
            isa = XCBuildConfiguration;
            buildSettings = {
                ALWAYS_SEARCH_USER_PATHS = NO;
                CLANG_ENABLE_MODULES = YES;
                SWIFT_OPTIMIZATION_LEVEL = "-Onone";
                DEBUG_INFORMATION_FORMAT = dwarf;
                SWIFT_ACTIVE_COMPILATION_CONDITIONS = DEBUG;
            };
            name = Debug;
        };
        AA0000000000000000000008 = {
            isa = XCBuildConfiguration;
            buildSettings = {
                ALWAYS_SEARCH_USER_PATHS = NO;
                CLANG_ENABLE_MODULES = YES;
                SWIFT_OPTIMIZATION_LEVEL = "-Owholemodule";
                DEBUG_INFORMATION_FORMAT = "dwarf-with-dsym";
                SWIFT_COMPILATION_MODE = wholemodule;
            };
            name = Release;
        };
        AA0000000000000000000009 = {
            isa = XCConfigurationList;
            buildConfigurations = (AA0000000000000000000007, AA0000000000000000000008);
            defaultConfigurationIsVisible = 0;
            defaultConfigurationName = Release;
        };

        AA000000000000000000000A = {
            isa = XCBuildConfiguration;
            buildSettings = {
                ASSETCATALOG_COMPILER_APPICON_NAME = AppIcon;
                CODE_SIGN_STYLE = Automatic;
                CURRENT_PROJECT_VERSION = 1;
                DEVELOPMENT_TEAM = F94CD83YLR;
                GENERATE_INFOPLIST_FILE = YES;
                INFOPLIST_KEY_CFBundleDisplayName = "Arcana Codex";
                INFOPLIST_KEY_UIApplicationSceneManifest_Generation = YES;
                INFOPLIST_KEY_UIApplicationSupportsIndirectInputEvents = YES;
                INFOPLIST_KEY_UILaunchScreen_Generation = YES;
                INFOPLIST_KEY_UISupportedInterfaceOrientations = UIInterfaceOrientationPortrait;
                INFOPLIST_KEY_UISupportedInterfaceOrientations_iPad = "UIInterfaceOrientationPortrait UIInterfaceOrientationPortraitUpsideDown UIInterfaceOrientationLandscapeLeft UIInterfaceOrientationLandscapeRight";
                IPHONEOS_DEPLOYMENT_TARGET = 17.0;
                MARKETING_VERSION = 1.0;
                PRODUCT_BUNDLE_IDENTIFIER = "com.tokyonasu.ArcanaCodex";
                PRODUCT_NAME = "$(TARGET_NAME)";
                SDKROOT = iphoneos;
                SUPPORTED_PLATFORMS = "iphoneos iphonesimulator";
                SWIFT_EMIT_LOC_STRINGS = YES;
                SWIFT_VERSION = 5.0;
                TARGETED_DEVICE_FAMILY = "1,2";
            };
            name = Debug;
        };
        AA000000000000000000000B = {
            isa = XCBuildConfiguration;
            buildSettings = {
                ASSETCATALOG_COMPILER_APPICON_NAME = AppIcon;
                CODE_SIGN_STYLE = Automatic;
                CURRENT_PROJECT_VERSION = 1;
                DEVELOPMENT_TEAM = F94CD83YLR;
                GENERATE_INFOPLIST_FILE = YES;
                INFOPLIST_KEY_CFBundleDisplayName = "Arcana Codex";
                INFOPLIST_KEY_UIApplicationSceneManifest_Generation = YES;
                INFOPLIST_KEY_UIApplicationSupportsIndirectInputEvents = YES;
                INFOPLIST_KEY_UILaunchScreen_Generation = YES;
                INFOPLIST_KEY_UISupportedInterfaceOrientations = UIInterfaceOrientationPortrait;
                INFOPLIST_KEY_UISupportedInterfaceOrientations_iPad = "UIInterfaceOrientationPortrait UIInterfaceOrientationPortraitUpsideDown UIInterfaceOrientationLandscapeLeft UIInterfaceOrientationLandscapeRight";
                IPHONEOS_DEPLOYMENT_TARGET = 17.0;
                MARKETING_VERSION = 1.0;
                PRODUCT_BUNDLE_IDENTIFIER = "com.tokyonasu.ArcanaCodex";
                PRODUCT_NAME = "$(TARGET_NAME)";
                SDKROOT = iphoneos;
                SUPPORTED_PLATFORMS = "iphoneos iphonesimulator";
                SWIFT_EMIT_LOC_STRINGS = YES;
                SWIFT_VERSION = 5.0;
                TARGETED_DEVICE_FAMILY = "1,2";
            };
            name = Release;
        };
        AA000000000000000000000C = {
            isa = XCConfigurationList;
            buildConfigurations = (AA000000000000000000000A, AA000000000000000000000B);
            defaultConfigurationIsVisible = 0;
            defaultConfigurationName = Release;
        };
    };
    rootObject = AA0000000000000000000006;
}
